
Microsoft Visual Studio Solution File, Format Version 12.00
# Visual Studio Version 17
VisualStudioVersion = 17.1.32210.238
MinimumVisualStudioVersion = 10.0.40219.1
Project("{FAE04EC0-301F-11D3-BF4B-00C04F79EFBC}") = "NutriVitta", "NutriVitta\NutriVitta.csproj", "{12CE47E4-5743-4A40-88B1-B6D00DA5AFFC}"
EndProject
Project("{FAE04EC0-301F-11D3-BF4B-00C04F79EFBC}") = "TestXUnit", "TestXUnit\TestXUnit.csproj", "{4AB2A1C0-6F6D-4B9F-8A05-9B2F92789ADA}"
EndProject
Global
	GlobalSection(SolutionConfigurationPlatforms) = preSolution
		Debug|Any CPU = Debug|Any CPU
		Release|Any CPU = Release|Any CPU
	EndGlobalSection
	GlobalSection(ProjectConfigurationPlatforms) = postSolution
		{12CE47E4-5743-4A40-88B1-B6D00DA5AFFC}.Debug|Any CPU.ActiveCfg = Debug|Any CPU
		{12CE47E4-5743-4A40-88B1-B6D00DA5AFFC}.Debug|Any CPU.Build.0 = Debug|Any CPU
		{12CE47E4-5743-4A40-88B1-B6D00DA5AFFC}.Release|Any CPU.ActiveCfg = Release|Any CPU
		{12CE47E4-5743-4A40-88B1-B6D00DA5AFFC}.Release|Any CPU.Build.0 = Release|Any CPU
		{4AB2A1C0-6F6D-4B9F-8A05-9B2F92789ADA}.Debug|Any CPU.ActiveCfg = Debug|Any CPU
		{4AB2A1C0-6F6D-4B9F-8A05-9B2F92789ADA}.Debug|Any CPU.Build.0 = Debug|Any CPU
		{4AB2A1C0-6F6D-4B9F-8A05-9B2F92789ADA}.Release|Any CPU.ActiveCfg = Release|Any CPU
		{4AB2A1C0-6F6D-4B9F-8A05-9B2F92789ADA}.Release|Any CPU.Build.0 = Release|Any CPU
	EndGlobalSection
	GlobalSection(SolutionProperties) = preSolution
		HideSolutionNode = FALSE
	EndGlobalSection
	GlobalSection(ExtensibilityGlobals) = postSolution
		SolutionGuid = {74649E86-32DD-4E94-8E10-ECDE556524FC}
	EndGlobalSection
EndGlobal
